
Microsoft Visual Studio Solution File, Format Version 12.00
# Visual Studio Version 17
VisualStudioVersion = 17.12.35527.113
MinimumVisualStudioVersion = 10.0.40219.1
Project("{2150E333-8FDC-42A3-9474-1A3956D46DE8}") = "0. Base", "0. Base", "{1B63A47F-C54B-434F-9082-B5610F1317D1}"
EndProject
Project("{2150E333-8FDC-42A3-9474-1A3956D46DE8}") = "1. Platform", "1. Platform", "{18966984-4EA0-4F60-9547-3CDEEE1C51ED}"
EndProject
Project("{2150E333-8FDC-42A3-9474-1A3956D46DE8}") = "2. Engine Core", "2. Engine Core", "{B6B10963-D275-4E8B-B263-2C17EC810808}"
EndProject
Project("{2150E333-8FDC-42A3-9474-1A3956D46DE8}") = "3. Content", "3. Content", "{0A9B3F4A-2D42-4D11-97E2-3C1AD3996CB6}"
EndProject
Project("{2150E333-8FDC-42A3-9474-1A3956D46DE8}") = "Level End", "Level End", "{2940BD39-8879-4AC8-8A71-BBDC7D9FFA7F}"
EndProject
Project("{8BC9CEB8-8B4A-11D0-8D11-00A0C91BC942}") = "GameEngineBase", "GameEngineBase\GameEngineBase.vcxproj", "{43E95582-82FC-46C5-A7CA-7D887CD0432B}"
EndProject
Project("{8BC9CEB8-8B4A-11D0-8D11-00A0C91BC942}") = "GameEnginePlatform", "GameEnginePlatform\GameEnginePlatform.vcxproj", "{A4198B71-D72C-4C1A-9FA2-6A2A1290C0E7}"
EndProject
Project("{8BC9CEB8-8B4A-11D0-8D11-00A0C91BC942}") = "GameEngineCore", "GameEngineCore\GameEngineCore.vcxproj", "{B1E3C61A-C8FC-4963-9F8C-24D509EE580C}"
EndProject
Project("{8BC9CEB8-8B4A-11D0-8D11-00A0C91BC942}") = "GameEngineContents", "GameEngineContents\GameEngineContents.vcxproj", "{A1ABC021-AE38-4262-9CF3-BF96F0A5CE90}"
EndProject
Project("{8BC9CEB8-8B4A-11D0-8D11-00A0C91BC942}") = "App", "App\App.vcxproj", "{CC74C6AF-1DF6-4C92-A58E-2ABC72E781DC}"
EndProject
Global
	GlobalSection(SolutionConfigurationPlatforms) = preSolution
		Debug|x64 = Debug|x64
		Debug|x86 = Debug|x86
		Release|x64 = Release|x64
		Release|x86 = Release|x86
	EndGlobalSection
	GlobalSection(ProjectConfigurationPlatforms) = postSolution
		{43E95582-82FC-46C5-A7CA-7D887CD0432B}.Debug|x64.ActiveCfg = Debug|x64
		{43E95582-82FC-46C5-A7CA-7D887CD0432B}.Debug|x64.Build.0 = Debug|x64
		{43E95582-82FC-46C5-A7CA-7D887CD0432B}.Debug|x86.ActiveCfg = Debug|Win32
		{43E95582-82FC-46C5-A7CA-7D887CD0432B}.Debug|x86.Build.0 = Debug|Win32
		{43E95582-82FC-46C5-A7CA-7D887CD0432B}.Release|x64.ActiveCfg = Release|x64
		{43E95582-82FC-46C5-A7CA-7D887CD0432B}.Release|x64.Build.0 = Release|x64
		{43E95582-82FC-46C5-A7CA-7D887CD0432B}.Release|x86.ActiveCfg = Release|Win32
		{43E95582-82FC-46C5-A7CA-7D887CD0432B}.Release|x86.Build.0 = Release|Win32
		{A4198B71-D72C-4C1A-9FA2-6A2A1290C0E7}.Debug|x64.ActiveCfg = Debug|x64
		{A4198B71-D72C-4C1A-9FA2-6A2A1290C0E7}.Debug|x64.Build.0 = Debug|x64
		{A4198B71-D72C-4C1A-9FA2-6A2A1290C0E7}.Debug|x86.ActiveCfg = Debug|Win32
		{A4198B71-D72C-4C1A-9FA2-6A2A1290C0E7}.Debug|x86.Build.0 = Debug|Win32
		{A4198B71-D72C-4C1A-9FA2-6A2A1290C0E7}.Release|x64.ActiveCfg = Release|x64
		{A4198B71-D72C-4C1A-9FA2-6A2A1290C0E7}.Release|x64.Build.0 = Release|x64
		{A4198B71-D72C-4C1A-9FA2-6A2A1290C0E7}.Release|x86.ActiveCfg = Release|Win32
		{A4198B71-D72C-4C1A-9FA2-6A2A1290C0E7}.Release|x86.Build.0 = Release|Win32
		{B1E3C61A-C8FC-4963-9F8C-24D509EE580C}.Debug|x64.ActiveCfg = Debug|x64
		{B1E3C61A-C8FC-4963-9F8C-24D509EE580C}.Debug|x64.Build.0 = Debug|x64
		{B1E3C61A-C8FC-4963-9F8C-24D509EE580C}.Debug|x86.ActiveCfg = Debug|Win32
		{B1E3C61A-C8FC-4963-9F8C-24D509EE580C}.Debug|x86.Build.0 = Debug|Win32
		{B1E3C61A-C8FC-4963-9F8C-24D509EE580C}.Release|x64.ActiveCfg = Release|x64
		{B1E3C61A-C8FC-4963-9F8C-24D509EE580C}.Release|x64.Build.0 = Release|x64
		{B1E3C61A-C8FC-4963-9F8C-24D509EE580C}.Release|x86.ActiveCfg = Release|Win32
		{B1E3C61A-C8FC-4963-9F8C-24D509EE580C}.Release|x86.Build.0 = Release|Win32
		{A1ABC021-AE38-4262-9CF3-BF96F0A5CE90}.Debug|x64.ActiveCfg = Debug|x64
		{A1ABC021-AE38-4262-9CF3-BF96F0A5CE90}.Debug|x64.Build.0 = Debug|x64
		{A1ABC021-AE38-4262-9CF3-BF96F0A5CE90}.Debug|x86.ActiveCfg = Debug|Win32
		{A1ABC021-AE38-4262-9CF3-BF96F0A5CE90}.Debug|x86.Build.0 = Debug|Win32
		{A1ABC021-AE38-4262-9CF3-BF96F0A5CE90}.Release|x64.ActiveCfg = Release|x64
		{A1ABC021-AE38-4262-9CF3-BF96F0A5CE90}.Release|x64.Build.0 = Release|x64
		{A1ABC021-AE38-4262-9CF3-BF96F0A5CE90}.Release|x86.ActiveCfg = Release|Win32
		{A1ABC021-AE38-4262-9CF3-BF96F0A5CE90}.Release|x86.Build.0 = Release|Win32
		{CC74C6AF-1DF6-4C92-A58E-2ABC72E781DC}.Debug|x64.ActiveCfg = Debug|x64
		{CC74C6AF-1DF6-4C92-A58E-2ABC72E781DC}.Debug|x64.Build.0 = Debug|x64
		{CC74C6AF-1DF6-4C92-A58E-2ABC72E781DC}.Debug|x86.ActiveCfg = Debug|Win32
		{CC74C6AF-1DF6-4C92-A58E-2ABC72E781DC}.Debug|x86.Build.0 = Debug|Win32
		{CC74C6AF-1DF6-4C92-A58E-2ABC72E781DC}.Release|x64.ActiveCfg = Release|x64
		{CC74C6AF-1DF6-4C92-A58E-2ABC72E781DC}.Release|x64.Build.0 = Release|x64
		{CC74C6AF-1DF6-4C92-A58E-2ABC72E781DC}.Release|x86.ActiveCfg = Release|Win32
		{CC74C6AF-1DF6-4C92-A58E-2ABC72E781DC}.Release|x86.Build.0 = Release|Win32
	EndGlobalSection
	GlobalSection(SolutionProperties) = preSolution
		HideSolutionNode = FALSE
	EndGlobalSection
	GlobalSection(NestedProjects) = preSolution
		{43E95582-82FC-46C5-A7CA-7D887CD0432B} = {1B63A47F-C54B-434F-9082-B5610F1317D1}
		{A4198B71-D72C-4C1A-9FA2-6A2A1290C0E7} = {18966984-4EA0-4F60-9547-3CDEEE1C51ED}
		{B1E3C61A-C8FC-4963-9F8C-24D509EE580C} = {B6B10963-D275-4E8B-B263-2C17EC810808}
		{A1ABC021-AE38-4262-9CF3-BF96F0A5CE90} = {0A9B3F4A-2D42-4D11-97E2-3C1AD3996CB6}
		{CC74C6AF-1DF6-4C92-A58E-2ABC72E781DC} = {2940BD39-8879-4AC8-8A71-BBDC7D9FFA7F}
	EndGlobalSection
EndGlobal
